
Microsoft Visual Studio Solution File, Format Version 12.00
# Visual Studio Version 16
VisualStudioVersion = 16.0.31025.194
MinimumVisualStudioVersion = 10.0.40219.1
Project("{FAE04EC0-301F-11D3-BF4B-00C04F79EFBC}") = "NLCS3", "NLCS3\NLCS3.csproj", "{ED1BFC9C-67A1-444B-900F-5C85436EDCE8}"
EndProject
Global
	GlobalSection(SolutionConfigurationPlatforms) = preSolution
		Debug|Any CPU = Debug|Any CPU
		Release|Any CPU = Release|Any CPU
	EndGlobalSection
	GlobalSection(ProjectConfigurationPlatforms) = postSolution
		{ED1BFC9C-67A1-444B-900F-5C85436EDCE8}.Debug|Any CPU.ActiveCfg = Debug|Any CPU
		{ED1BFC9C-67A1-444B-900F-5C85436EDCE8}.Debug|Any CPU.Build.0 = Debug|Any CPU
		{ED1BFC9C-67A1-444B-900F-5C85436EDCE8}.Release|Any CPU.ActiveCfg = Release|Any CPU
		{ED1BFC9C-67A1-444B-900F-5C85436EDCE8}.Release|Any CPU.Build.0 = Release|Any CPU
	EndGlobalSection
	GlobalSection(SolutionProperties) = preSolution
		HideSolutionNode = FALSE
	EndGlobalSection
	GlobalSection(ExtensibilityGlobals) = postSolution
		SolutionGuid = {1E5C9EFE-077F-4794-98F3-4A268CDD4152}
	EndGlobalSection
EndGlobal
